// !$*UTF8*$!
{
	archiveVersion = 1;
	classes = {
	};
	objectVersion = 46;
	objects = {

/* Begin PBXBuildFile section */
		0429F2031C477D9300114053 /* ZHAppDelegate.swift in Sources */ = {isa = PBXBuildFile; fileRef = 0429F2021C477D9300114053 /* ZHAppDelegate.swift */; };
		0429F2051C477D9300114053 /* ZHStartViewController.swift in Sources */ = {isa = PBXBuildFile; fileRef = 0429F2041C477D9300114053 /* ZHStartViewController.swift */; };
		0429F20A1C477D9400114053 /* Assets.xcassets in Resources */ = {isa = PBXBuildFile; fileRef = 0429F2091C477D9400114053 /* Assets.xcassets */; };
		0429F20D1C477D9400114053 /* LaunchScreen.storyboard in Resources */ = {isa = PBXBuildFile; fileRef = 0429F20B1C477D9400114053 /* LaunchScreen.storyboard */; };
		0429F2181C477D9400114053 /* ZhihuDaily_SwiftTests.swift in Sources */ = {isa = PBXBuildFile; fileRef = 0429F2171C477D9400114053 /* ZhihuDaily_SwiftTests.swift */; };
		0429F2231C477D9400114053 /* ZhihuDaily_SwiftUITests.swift in Sources */ = {isa = PBXBuildFile; fileRef = 0429F2221C477D9400114053 /* ZhihuDaily_SwiftUITests.swift */; };
		0429F2311C477E6700114053 /* ZHConstants.swift in Sources */ = {isa = PBXBuildFile; fileRef = 0429F2301C477E6700114053 /* ZHConstants.swift */; };
		4F2391CB1CFB522D00C682E5 /* ZHNewListCell.swift in Sources */ = {isa = PBXBuildFile; fileRef = 4F2391CA1CFB522D00C682E5 /* ZHNewListCell.swift */; };
		4F2391E21CFD2C2600C682E5 /* ZHNewsDetailViewController.swift in Sources */ = {isa = PBXBuildFile; fileRef = 4F2391E11CFD2C2600C682E5 /* ZHNewsDetailViewController.swift */; };
		4F27C1FC1CD8580900C258F2 /* ZHNewsListViewController.swift in Sources */ = {isa = PBXBuildFile; fileRef = 4F27C1FB1CD8580900C258F2 /* ZHNewsListViewController.swift */; };
		4F5E31571CD84295002B3DC9 /* Alamofire.framework in Frameworks */ = {isa = PBXBuildFile; fileRef = 4F5E314E1CD84295002B3DC9 /* Alamofire.framework */; };
		4F5E31591CD84295002B3DC9 /* IQKeyboardManagerSwift.framework in Frameworks */ = {isa = PBXBuildFile; fileRef = 4F5E31501CD84295002B3DC9 /* IQKeyboardManagerSwift.framework */; };
		4F5E315A1CD84295002B3DC9 /* Kingfisher.framework in Frameworks */ = {isa = PBXBuildFile; fileRef = 4F5E31511CD84295002B3DC9 /* Kingfisher.framework */; };
		4F5E315E1CD84295002B3DC9 /* RxSwift.framework in Frameworks */ = {isa = PBXBuildFile; fileRef = 4F5E31551CD84295002B3DC9 /* RxSwift.framework */; };
		4F5E315F1CD84295002B3DC9 /* SnapKit.framework in Frameworks */ = {isa = PBXBuildFile; fileRef = 4F5E31561CD84295002B3DC9 /* SnapKit.framework */; };
		4FFAAF681D0025C800ECDC83 /* UIImageExtensions.swift in Sources */ = {isa = PBXBuildFile; fileRef = 4FFAAF671D0025C800ECDC83 /* UIImageExtensions.swift */; };
		4FFCDAE21D000DF100F0465E /* UIScreenExtensions.swift in Sources */ = {isa = PBXBuildFile; fileRef = 4FFCDAE11D000DF100F0465E /* UIScreenExtensions.swift */; };
		4FFCDAE41D0010B500F0465E /* JCCGUtilities.swift in Sources */ = {isa = PBXBuildFile; fileRef = 4FFCDAE31D0010B500F0465E /* JCCGUtilities.swift */; };
		4FFCDAE81D00171300F0465E /* UIScrollView+APParallaxHeader.m in Sources */ = {isa = PBXBuildFile; fileRef = 4FFCDAE71D00171300F0465E /* UIScrollView+APParallaxHeader.m */; };
		54C7A39174B2D6B0605884C6 /* Pods_ZhihuDaily_Swift.framework in Frameworks */ = {isa = PBXBuildFile; fileRef = A246707AE232BD156201A512 /* Pods_ZhihuDaily_Swift.framework */; };
		84E39346478411AFF1312A3A /* Pods_ZhihuDaily_SwiftTests.framework in Frameworks */ = {isa = PBXBuildFile; fileRef = D5F2671127792C973B4F1F50 /* Pods_ZhihuDaily_SwiftTests.framework */; };
/* End PBXBuildFile section */

/* Begin PBXContainerItemProxy section */
		0429F2141C477D9400114053 /* PBXContainerItemProxy */ = {
			isa = PBXContainerItemProxy;
			containerPortal = 0429F1F71C477D9200114053 /* Project object */;
			proxyType = 1;
			remoteGlobalIDString = 0429F1FE1C477D9200114053;
			remoteInfo = "ZhihuDaily-Swift";
		};
		0429F21F1C477D9400114053 /* PBXContainerItemProxy */ = {
			isa = PBXContainerItemProxy;
			containerPortal = 0429F1F71C477D9200114053 /* Project object */;
			proxyType = 1;
			remoteGlobalIDString = 0429F1FE1C477D9200114053;
			remoteInfo = "ZhihuDaily-Swift";
		};
/* End PBXContainerItemProxy section */

/* Begin PBXFileReference section */
		0429F1FF1C477D9200114053 /* ZhihuDaily-Swift.app */ = {isa = PBXFileReference; explicitFileType = wrapper.application; includeInIndex = 0; path = "ZhihuDaily-Swift.app"; sourceTree = BUILT_PRODUCTS_DIR; };
		0429F2021C477D9300114053 /* ZHAppDelegate.swift */ = {isa = PBXFileReference; lastKnownFileType = sourcecode.swift; path = ZHAppDelegate.swift; sourceTree = "<group>"; };
		0429F2041C477D9300114053 /* ZHStartViewController.swift */ = {isa = PBXFileReference; lastKnownFileType = sourcecode.swift; path = ZHStartViewController.swift; sourceTree = "<group>"; };
		0429F2091C477D9400114053 /* Assets.xcassets */ = {isa = PBXFileReference; lastKnownFileType = folder.assetcatalog; path = Assets.xcassets; sourceTree = "<group>"; };
		0429F20C1C477D9400114053 /* Base */ = {isa = PBXFileReference; lastKnownFileType = file.storyboard; name = Base; path = Base.lproj/LaunchScreen.storyboard; sourceTree = "<group>"; };
		0429F20E1C477D9400114053 /* Info.plist */ = {isa = PBXFileReference; lastKnownFileType = text.plist.xml; path = Info.plist; sourceTree = "<group>"; };
		0429F2131C477D9400114053 /* ZhihuDaily-SwiftTests.xctest */ = {isa = PBXFileReference; explicitFileType = wrapper.cfbundle; includeInIndex = 0; path = "ZhihuDaily-SwiftTests.xctest"; sourceTree = BUILT_PRODUCTS_DIR; };
		0429F2171C477D9400114053 /* ZhihuDaily_SwiftTests.swift */ = {isa = PBXFileReference; lastKnownFileType = sourcecode.swift; path = ZhihuDaily_SwiftTests.swift; sourceTree = "<group>"; };
		0429F2191C477D9400114053 /* Info.plist */ = {isa = PBXFileReference; lastKnownFileType = text.plist.xml; path = Info.plist; sourceTree = "<group>"; };
		0429F21E1C477D9400114053 /* ZhihuDaily-SwiftUITests.xctest */ = {isa = PBXFileReference; explicitFileType = wrapper.cfbundle; includeInIndex = 0; path = "ZhihuDaily-SwiftUITests.xctest"; sourceTree = BUILT_PRODUCTS_DIR; };
		0429F2221C477D9400114053 /* ZhihuDaily_SwiftUITests.swift */ = {isa = PBXFileReference; lastKnownFileType = sourcecode.swift; path = ZhihuDaily_SwiftUITests.swift; sourceTree = "<group>"; };
		0429F2241C477D9400114053 /* Info.plist */ = {isa = PBXFileReference; lastKnownFileType = text.plist.xml; path = Info.plist; sourceTree = "<group>"; };
		0429F2301C477E6700114053 /* ZHConstants.swift */ = {isa = PBXFileReference; fileEncoding = 4; lastKnownFileType = sourcecode.swift; path = ZHConstants.swift; sourceTree = "<group>"; };
		09D7C086B03B17F1AAB267A9 /* Pods-ZhihuDaily-Swift.debug.xcconfig */ = {isa = PBXFileReference; includeInIndex = 1; lastKnownFileType = text.xcconfig; name = "Pods-ZhihuDaily-Swift.debug.xcconfig"; path = "Pods/Target Support Files/Pods-ZhihuDaily-Swift/Pods-ZhihuDaily-Swift.debug.xcconfig"; sourceTree = "<group>"; };
		4F1EE8A7A9761DAB37022E27 /* Pods.framework */ = {isa = PBXFileReference; explicitFileType = wrapper.framework; includeInIndex = 0; path = Pods.framework; sourceTree = BUILT_PRODUCTS_DIR; };
		4F2391CA1CFB522D00C682E5 /* ZHNewListCell.swift */ = {isa = PBXFileReference; fileEncoding = 4; lastKnownFileType = sourcecode.swift; path = ZHNewListCell.swift; sourceTree = "<group>"; };
		4F2391E11CFD2C2600C682E5 /* ZHNewsDetailViewController.swift */ = {isa = PBXFileReference; fileEncoding = 4; lastKnownFileType = sourcecode.swift; path = ZHNewsDetailViewController.swift; sourceTree = "<group>"; };
		4F27C1FB1CD8580900C258F2 /* ZHNewsListViewController.swift */ = {isa = PBXFileReference; fileEncoding = 4; lastKnownFileType = sourcecode.swift; path = ZHNewsListViewController.swift; sourceTree = "<group>"; };
		4F5E314E1CD84295002B3DC9 /* Alamofire.framework */ = {isa = PBXFileReference; lastKnownFileType = wrapper.framework; name = Alamofire.framework; path = "../../../../../Library/Developer/Xcode/DerivedData/ZhihuDaily-Swift-cxkzvbkegwtjkwbfvavifehnsqjd/Build/Products/Debug-iphonesimulator/Alamofire.framework"; sourceTree = "<group>"; };
		4F5E314F1CD84295002B3DC9 /* DZNEmptyDataSet.framework */ = {isa = PBXFileReference; lastKnownFileType = wrapper.framework; name = DZNEmptyDataSet.framework; path = "../../../../../Library/Developer/Xcode/DerivedData/ZhihuDaily-Swift-cxkzvbkegwtjkwbfvavifehnsqjd/Build/Products/Debug-iphonesimulator/DZNEmptyDataSet.framework"; sourceTree = "<group>"; };
		4F5E31501CD84295002B3DC9 /* IQKeyboardManagerSwift.framework */ = {isa = PBXFileReference; lastKnownFileType = wrapper.framework; name = IQKeyboardManagerSwift.framework; path = "../../../../../Library/Developer/Xcode/DerivedData/ZhihuDaily-Swift-cxkzvbkegwtjkwbfvavifehnsqjd/Build/Products/Debug-iphonesimulator/IQKeyboardManagerSwift.framework"; sourceTree = "<group>"; };
		4F5E31511CD84295002B3DC9 /* Kingfisher.framework */ = {isa = PBXFileReference; lastKnownFileType = wrapper.framework; name = Kingfisher.framework; path = "../../../../../Library/Developer/Xcode/DerivedData/ZhihuDaily-Swift-cxkzvbkegwtjkwbfvavifehnsqjd/Build/Products/Debug-iphonesimulator/Kingfisher.framework"; sourceTree = "<group>"; };
		4F5E31521CD84295002B3DC9 /* Nimble.framework */ = {isa = PBXFileReference; lastKnownFileType = wrapper.framework; name = Nimble.framework; path = "Pods/../build/Debug-iphoneos/Nimble.framework"; sourceTree = "<group>"; };
		4F5E31531CD84295002B3DC9 /* Pods_ZhihuDaily_SwiftTests.framework */ = {isa = PBXFileReference; lastKnownFileType = wrapper.framework; name = Pods_ZhihuDaily_SwiftTests.framework; path = "Pods/../build/Debug-iphoneos/Pods_ZhihuDaily_SwiftTests.framework"; sourceTree = "<group>"; };
		4F5E31541CD84295002B3DC9 /* Quick.framework */ = {isa = PBXFileReference; lastKnownFileType = wrapper.framework; name = Quick.framework; path = "Pods/../build/Debug-iphoneos/Quick.framework"; sourceTree = "<group>"; };
		4F5E31551CD84295002B3DC9 /* RxSwift.framework */ = {isa = PBXFileReference; lastKnownFileType = wrapper.framework; name = RxSwift.framework; path = "../../../../../Library/Developer/Xcode/DerivedData/ZhihuDaily-Swift-cxkzvbkegwtjkwbfvavifehnsqjd/Build/Products/Debug-iphonesimulator/RxSwift.framework"; sourceTree = "<group>"; };
		4F5E31561CD84295002B3DC9 /* SnapKit.framework */ = {isa = PBXFileReference; lastKnownFileType = wrapper.framework; name = SnapKit.framework; path = "../../../../../Library/Developer/Xcode/DerivedData/ZhihuDaily-Swift-cxkzvbkegwtjkwbfvavifehnsqjd/Build/Products/Debug-iphonesimulator/SnapKit.framework"; sourceTree = "<group>"; };
		4FFAAF671D0025C800ECDC83 /* UIImageExtensions.swift */ = {isa = PBXFileReference; fileEncoding = 4; lastKnownFileType = sourcecode.swift; path = UIImageExtensions.swift; sourceTree = "<group>"; };
		4FFCDAE11D000DF100F0465E /* UIScreenExtensions.swift */ = {isa = PBXFileReference; fileEncoding = 4; lastKnownFileType = sourcecode.swift; path = UIScreenExtensions.swift; sourceTree = "<group>"; };
		4FFCDAE31D0010B500F0465E /* JCCGUtilities.swift */ = {isa = PBXFileReference; fileEncoding = 4; lastKnownFileType = sourcecode.swift; path = JCCGUtilities.swift; sourceTree = "<group>"; };
		4FFCDAE61D00171300F0465E /* UIScrollView+APParallaxHeader.h */ = {isa = PBXFileReference; fileEncoding = 4; lastKnownFileType = sourcecode.c.h; path = "UIScrollView+APParallaxHeader.h"; sourceTree = "<group>"; };
		4FFCDAE71D00171300F0465E /* UIScrollView+APParallaxHeader.m */ = {isa = PBXFileReference; fileEncoding = 4; lastKnownFileType = sourcecode.c.objc; path = "UIScrollView+APParallaxHeader.m"; sourceTree = "<group>"; };
		4FFCDAF11D0017BE00F0465E /* ZhihuDaily-Swift-Bridging-Header.h */ = {isa = PBXFileReference; lastKnownFileType = sourcecode.c.h; path = "ZhihuDaily-Swift-Bridging-Header.h"; sourceTree = "<group>"; };
		A0371A988BA32A4EE488E576 /* Pods-ZhihuDaily-SwiftTests.debug.xcconfig */ = {isa = PBXFileReference; includeInIndex = 1; lastKnownFileType = text.xcconfig; name = "Pods-ZhihuDaily-SwiftTests.debug.xcconfig"; path = "Pods/Target Support Files/Pods-ZhihuDaily-SwiftTests/Pods-ZhihuDaily-SwiftTests.debug.xcconfig"; sourceTree = "<group>"; };
		A246707AE232BD156201A512 /* Pods_ZhihuDaily_Swift.framework */ = {isa = PBXFileReference; explicitFileType = wrapper.framework; includeInIndex = 0; path = Pods_ZhihuDaily_Swift.framework; sourceTree = BUILT_PRODUCTS_DIR; };
		B47C0BB175E8F67770868BCB /* Pods-ZhihuDaily-SwiftTests.release.xcconfig */ = {isa = PBXFileReference; includeInIndex = 1; lastKnownFileType = text.xcconfig; name = "Pods-ZhihuDaily-SwiftTests.release.xcconfig"; path = "Pods/Target Support Files/Pods-ZhihuDaily-SwiftTests/Pods-ZhihuDaily-SwiftTests.release.xcconfig"; sourceTree = "<group>"; };
		D5F2671127792C973B4F1F50 /* Pods_ZhihuDaily_SwiftTests.framework */ = {isa = PBXFileReference; explicitFileType = wrapper.framework; includeInIndex = 0; path = Pods_ZhihuDaily_SwiftTests.framework; sourceTree = BUILT_PRODUCTS_DIR; };
		EF278DAD32DB9584A17797BD /* Pods-ZhihuDaily-Swift.release.xcconfig */ = {isa = PBXFileReference; includeInIndex = 1; lastKnownFileType = text.xcconfig; name = "Pods-ZhihuDaily-Swift.release.xcconfig"; path = "Pods/Target Support Files/Pods-ZhihuDaily-Swift/Pods-ZhihuDaily-Swift.release.xcconfig"; sourceTree = "<group>"; };
/* End PBXFileReference section */

/* Begin PBXFrameworksBuildPhase section */
		0429F1FC1C477D9200114053 /* Frameworks */ = {
			isa = PBXFrameworksBuildPhase;
			buildActionMask = 2147483647;
			files = (
				4F5E31571CD84295002B3DC9 /* Alamofire.framework in Frameworks */,
				4F5E31591CD84295002B3DC9 /* IQKeyboardManagerSwift.framework in Frameworks */,
				4F5E315A1CD84295002B3DC9 /* Kingfisher.framework in Frameworks */,
				4F5E315E1CD84295002B3DC9 /* RxSwift.framework in Frameworks */,
				4F5E315F1CD84295002B3DC9 /* SnapKit.framework in Frameworks */,
				54C7A39174B2D6B0605884C6 /* Pods_ZhihuDaily_Swift.framework in Frameworks */,
			);
			runOnlyForDeploymentPostprocessing = 0;
		};
		0429F2101C477D9400114053 /* Frameworks */ = {
			isa = PBXFrameworksBuildPhase;
			buildActionMask = 2147483647;
			files = (
				84E39346478411AFF1312A3A /* Pods_ZhihuDaily_SwiftTests.framework in Frameworks */,
			);
			runOnlyForDeploymentPostprocessing = 0;
		};
		0429F21B1C477D9400114053 /* Frameworks */ = {
			isa = PBXFrameworksBuildPhase;
			buildActionMask = 2147483647;
			files = (
			);
			runOnlyForDeploymentPostprocessing = 0;
		};
/* End PBXFrameworksBuildPhase section */

/* Begin PBXGroup section */
		0429F1F61C477D9200114053 = {
			isa = PBXGroup;
			children = (
				0429F2011C477D9300114053 /* ZhihuDaily-Swift */,
				0429F2161C477D9400114053 /* ZhihuDaily-SwiftTests */,
				0429F2211C477D9400114053 /* ZhihuDaily-SwiftUITests */,
				0429F2001C477D9200114053 /* Products */,
				13888E9AAEB7C6B079083DB1 /* Pods */,
				B884D1FD1CB940832829CBEE /* Frameworks */,
			);
			sourceTree = "<group>";
		};
		0429F2001C477D9200114053 /* Products */ = {
			isa = PBXGroup;
			children = (
				0429F1FF1C477D9200114053 /* ZhihuDaily-Swift.app */,
				0429F2131C477D9400114053 /* ZhihuDaily-SwiftTests.xctest */,
				0429F21E1C477D9400114053 /* ZhihuDaily-SwiftUITests.xctest */,
			);
			name = Products;
			sourceTree = "<group>";
		};
		0429F2011C477D9300114053 /* ZhihuDaily-Swift */ = {
			isa = PBXGroup;
			children = (
				0429F2301C477E6700114053 /* ZHConstants.swift */,
				0429F2021C477D9300114053 /* ZHAppDelegate.swift */,
				4FFCDAE51D00171300F0465E /* APParallaxHeader */,
				4F2391DE1CFC55F500C682E5 /* Controller */,
				4F2391DF1CFC560300C682E5 /* Other */,
				0429F2091C477D9400114053 /* Assets.xcassets */,
				0429F20B1C477D9400114053 /* LaunchScreen.storyboard */,
				0429F20E1C477D9400114053 /* Info.plist */,
				4FFCDAF11D0017BE00F0465E /* ZhihuDaily-Swift-Bridging-Header.h */,
			);
			path = "ZhihuDaily-Swift";
			sourceTree = "<group>";
		};
		0429F2161C477D9400114053 /* ZhihuDaily-SwiftTests */ = {
			isa = PBXGroup;
			children = (
				0429F2171C477D9400114053 /* ZhihuDaily_SwiftTests.swift */,
				0429F2191C477D9400114053 /* Info.plist */,
			);
			path = "ZhihuDaily-SwiftTests";
			sourceTree = "<group>";
		};
		0429F2211C477D9400114053 /* ZhihuDaily-SwiftUITests */ = {
			isa = PBXGroup;
			children = (
				0429F2221C477D9400114053 /* ZhihuDaily_SwiftUITests.swift */,
				0429F2241C477D9400114053 /* Info.plist */,
			);
			path = "ZhihuDaily-SwiftUITests";
			sourceTree = "<group>";
		};
		13888E9AAEB7C6B079083DB1 /* Pods */ = {
			isa = PBXGroup;
			children = (
				09D7C086B03B17F1AAB267A9 /* Pods-ZhihuDaily-Swift.debug.xcconfig */,
				EF278DAD32DB9584A17797BD /* Pods-ZhihuDaily-Swift.release.xcconfig */,
				A0371A988BA32A4EE488E576 /* Pods-ZhihuDaily-SwiftTests.debug.xcconfig */,
				B47C0BB175E8F67770868BCB /* Pods-ZhihuDaily-SwiftTests.release.xcconfig */,
			);
			name = Pods;
			sourceTree = "<group>";
		};
		4F2391DE1CFC55F500C682E5 /* Controller */ = {
			isa = PBXGroup;
			children = (
				0429F2041C477D9300114053 /* ZHStartViewController.swift */,
				4F27C1FB1CD8580900C258F2 /* ZHNewsListViewController.swift */,
				4F2391E11CFD2C2600C682E5 /* ZHNewsDetailViewController.swift */,
			);
			name = Controller;
			sourceTree = "<group>";
		};
		4F2391DF1CFC560300C682E5 /* Other */ = {
			isa = PBXGroup;
			children = (
				4FFCDAE31D0010B500F0465E /* JCCGUtilities.swift */,
				4F2391E01CFC560B00C682E5 /* View */,
				4FFCDADE1D00058A00F0465E /* Extension */,
			);
			name = Other;
			sourceTree = "<group>";
		};
		4F2391E01CFC560B00C682E5 /* View */ = {
			isa = PBXGroup;
			children = (
				4F2391CA1CFB522D00C682E5 /* ZHNewListCell.swift */,
			);
			name = View;
			sourceTree = "<group>";
		};
		4FFCDADE1D00058A00F0465E /* Extension */ = {
			isa = PBXGroup;
			children = (
				4FFCDAE11D000DF100F0465E /* UIScreenExtensions.swift */,
				4FFAAF671D0025C800ECDC83 /* UIImageExtensions.swift */,
			);
			name = Extension;
			sourceTree = "<group>";
		};
		4FFCDAE51D00171300F0465E /* APParallaxHeader */ = {
			isa = PBXGroup;
			children = (
				4FFCDAE61D00171300F0465E /* UIScrollView+APParallaxHeader.h */,
				4FFCDAE71D00171300F0465E /* UIScrollView+APParallaxHeader.m */,
			);
			path = APParallaxHeader;
			sourceTree = "<group>";
		};
		B884D1FD1CB940832829CBEE /* Frameworks */ = {
			isa = PBXGroup;
			children = (
				4F5E314E1CD84295002B3DC9 /* Alamofire.framework */,
				4F5E314F1CD84295002B3DC9 /* DZNEmptyDataSet.framework */,
				4F5E31501CD84295002B3DC9 /* IQKeyboardManagerSwift.framework */,
				4F5E31511CD84295002B3DC9 /* Kingfisher.framework */,
				4F5E31521CD84295002B3DC9 /* Nimble.framework */,
				4F5E31531CD84295002B3DC9 /* Pods_ZhihuDaily_SwiftTests.framework */,
				4F5E31541CD84295002B3DC9 /* Quick.framework */,
				4F5E31551CD84295002B3DC9 /* RxSwift.framework */,
				4F5E31561CD84295002B3DC9 /* SnapKit.framework */,
				A246707AE232BD156201A512 /* Pods_ZhihuDaily_Swift.framework */,
				D5F2671127792C973B4F1F50 /* Pods_ZhihuDaily_SwiftTests.framework */,
				4F1EE8A7A9761DAB37022E27 /* Pods.framework */,
			);
			name = Frameworks;
			sourceTree = "<group>";
		};
/* End PBXGroup section */

/* Begin PBXNativeTarget section */
		0429F1FE1C477D9200114053 /* ZhihuDaily-Swift */ = {
			isa = PBXNativeTarget;
			buildConfigurationList = 0429F2271C477D9400114053 /* Build configuration list for PBXNativeTarget "ZhihuDaily-Swift" */;
			buildPhases = (
				5421397A3BD74743308C8BC2 /* Check Pods Manifest.lock */,
				0429F1FB1C477D9200114053 /* Sources */,
				0429F1FC1C477D9200114053 /* Frameworks */,
				0429F1FD1C477D9200114053 /* Resources */,
				3FE0CBADC0511AED61E973CD /* Embed Pods Frameworks */,
				ACF17015B5736BD9D1E47163 /* Copy Pods Resources */,
			);
			buildRules = (
			);
			dependencies = (
			);
			name = "ZhihuDaily-Swift";
			productName = "ZhihuDaily-Swift";
			productReference = 0429F1FF1C477D9200114053 /* ZhihuDaily-Swift.app */;
			productType = "com.apple.product-type.application";
		};
		0429F2121C477D9400114053 /* ZhihuDaily-SwiftTests */ = {
			isa = PBXNativeTarget;
			buildConfigurationList = 0429F22A1C477D9400114053 /* Build configuration list for PBXNativeTarget "ZhihuDaily-SwiftTests" */;
			buildPhases = (
				88A4E7E24630A5DDCD6B30DF /* Check Pods Manifest.lock */,
				0429F20F1C477D9400114053 /* Sources */,
				0429F2101C477D9400114053 /* Frameworks */,
				0429F2111C477D9400114053 /* Resources */,
				C5EDADCA040FAD48AF60A21B /* Embed Pods Frameworks */,
				1F4BA647F23BF1A713976A46 /* Copy Pods Resources */,
			);
			buildRules = (
			);
			dependencies = (
				0429F2151C477D9400114053 /* PBXTargetDependency */,
			);
			name = "ZhihuDaily-SwiftTests";
			productName = "ZhihuDaily-SwiftTests";
			productReference = 0429F2131C477D9400114053 /* ZhihuDaily-SwiftTests.xctest */;
			productType = "com.apple.product-type.bundle.unit-test";
		};
		0429F21D1C477D9400114053 /* ZhihuDaily-SwiftUITests */ = {
			isa = PBXNativeTarget;
			buildConfigurationList = 0429F22D1C477D9400114053 /* Build configuration list for PBXNativeTarget "ZhihuDaily-SwiftUITests" */;
			buildPhases = (
				0429F21A1C477D9400114053 /* Sources */,
				0429F21B1C477D9400114053 /* Frameworks */,
				0429F21C1C477D9400114053 /* Resources */,
			);
			buildRules = (
			);
			dependencies = (
				0429F2201C477D9400114053 /* PBXTargetDependency */,
			);
			name = "ZhihuDaily-SwiftUITests";
			productName = "ZhihuDaily-SwiftUITests";
			productReference = 0429F21E1C477D9400114053 /* ZhihuDaily-SwiftUITests.xctest */;
			productType = "com.apple.product-type.bundle.ui-testing";
		};
/* End PBXNativeTarget section */

/* Begin PBXProject section */
		0429F1F71C477D9200114053 /* Project object */ = {
			isa = PBXProject;
			attributes = {
				CLASSPREFIX = ZH;
				LastUpgradeCheck = 0800;
				ORGANIZATIONNAME = Jcdroid;
				TargetAttributes = {
					0429F1FE1C477D9200114053 = {
						CreatedOnToolsVersion = 7.0.1;
						DevelopmentTeam = JLJW949Z96;
						LastSwiftMigration = 0800;
					};
					0429F2121C477D9400114053 = {
						CreatedOnToolsVersion = 7.0.1;
						LastSwiftMigration = 0800;
						TestTargetID = 0429F1FE1C477D9200114053;
					};
					0429F21D1C477D9400114053 = {
						CreatedOnToolsVersion = 7.0.1;
						LastSwiftMigration = 0800;
						TestTargetID = 0429F1FE1C477D9200114053;
					};
				};
			};
			buildConfigurationList = 0429F1FA1C477D9200114053 /* Build configuration list for PBXProject "ZhihuDaily-Swift" */;
			compatibilityVersion = "Xcode 3.2";
			developmentRegion = English;
			hasScannedForEncodings = 0;
			knownRegions = (
				en,
				Base,
			);
			mainGroup = 0429F1F61C477D9200114053;
			productRefGroup = 0429F2001C477D9200114053 /* Products */;
			projectDirPath = "";
			projectRoot = "";
			targets = (
				0429F1FE1C477D9200114053 /* ZhihuDaily-Swift */,
				0429F2121C477D9400114053 /* ZhihuDaily-SwiftTests */,
				0429F21D1C477D9400114053 /* ZhihuDaily-SwiftUITests */,
			);
		};
/* End PBXProject section */

/* Begin PBXResourcesBuildPhase section */
		0429F1FD1C477D9200114053 /* Resources */ = {
			isa = PBXResourcesBuildPhase;
			buildActionMask = 2147483647;
			files = (
				0429F20D1C477D9400114053 /* LaunchScreen.storyboard in Resources */,
				0429F20A1C477D9400114053 /* Assets.xcassets in Resources */,
			);
			runOnlyForDeploymentPostprocessing = 0;
		};
		0429F2111C477D9400114053 /* Resources */ = {
			isa = PBXResourcesBuildPhase;
			buildActionMask = 2147483647;
			files = (
			);
			runOnlyForDeploymentPostprocessing = 0;
		};
		0429F21C1C477D9400114053 /* Resources */ = {
			isa = PBXResourcesBuildPhase;
			buildActionMask = 2147483647;
			files = (
			);
			runOnlyForDeploymentPostprocessing = 0;
		};
/* End PBXResourcesBuildPhase section */

/* Begin PBXShellScriptBuildPhase section */
		1F4BA647F23BF1A713976A46 /* Copy Pods Resources */ = {
			isa = PBXShellScriptBuildPhase;
			buildActionMask = 2147483647;
			files = (
			);
			inputPaths = (
			);
			name = "Copy Pods Resources";
			outputPaths = (
			);
			runOnlyForDeploymentPostprocessing = 0;
			shellPath = /bin/sh;
			shellScript = "\"${SRCROOT}/Pods/Target Support Files/Pods-ZhihuDaily-SwiftTests/Pods-ZhihuDaily-SwiftTests-resources.sh\"\n";
			showEnvVarsInLog = 0;
		};
		3FE0CBADC0511AED61E973CD /* Embed Pods Frameworks */ = {
			isa = PBXShellScriptBuildPhase;
			buildActionMask = 2147483647;
			files = (
			);
			inputPaths = (
			);
			name = "Embed Pods Frameworks";
			outputPaths = (
			);
			runOnlyForDeploymentPostprocessing = 0;
			shellPath = /bin/sh;
			shellScript = "\"${SRCROOT}/Pods/Target Support Files/Pods-ZhihuDaily-Swift/Pods-ZhihuDaily-Swift-frameworks.sh\"\n";
			showEnvVarsInLog = 0;
		};
		5421397A3BD74743308C8BC2 /* Check Pods Manifest.lock */ = {
			isa = PBXShellScriptBuildPhase;
			buildActionMask = 2147483647;
			files = (
			);
			inputPaths = (
			);
			name = "Check Pods Manifest.lock";
			outputPaths = (
			);
			runOnlyForDeploymentPostprocessing = 0;
			shellPath = /bin/sh;
			shellScript = "diff \"${PODS_ROOT}/../Podfile.lock\" \"${PODS_ROOT}/Manifest.lock\" > /dev/null\nif [[ $? != 0 ]] ; then\n    cat << EOM\nerror: The sandbox is not in sync with the Podfile.lock. Run 'pod install' or update your CocoaPods installation.\nEOM\n    exit 1\nfi\n";
			showEnvVarsInLog = 0;
		};
		88A4E7E24630A5DDCD6B30DF /* Check Pods Manifest.lock */ = {
			isa = PBXShellScriptBuildPhase;
			buildActionMask = 2147483647;
			files = (
			);
			inputPaths = (
			);
			name = "Check Pods Manifest.lock";
			outputPaths = (
			);
			runOnlyForDeploymentPostprocessing = 0;
			shellPath = /bin/sh;
			shellScript = "diff \"${PODS_ROOT}/../Podfile.lock\" \"${PODS_ROOT}/Manifest.lock\" > /dev/null\nif [[ $? != 0 ]] ; then\n    cat << EOM\nerror: The sandbox is not in sync with the Podfile.lock. Run 'pod install' or update your CocoaPods installation.\nEOM\n    exit 1\nfi\n";
			showEnvVarsInLog = 0;
		};
		ACF17015B5736BD9D1E47163 /* Copy Pods Resources */ = {
			isa = PBXShellScriptBuildPhase;
			buildActionMask = 2147483647;
			files = (
			);
			inputPaths = (
			);
			name = "Copy Pods Resources";
			outputPaths = (
			);
			runOnlyForDeploymentPostprocessing = 0;
			shellPath = /bin/sh;
			shellScript = "\"${SRCROOT}/Pods/Target Support Files/Pods-ZhihuDaily-Swift/Pods-ZhihuDaily-Swift-resources.sh\"\n";
			showEnvVarsInLog = 0;
		};
		C5EDADCA040FAD48AF60A21B /* Embed Pods Frameworks */ = {
			isa = PBXShellScriptBuildPhase;
			buildActionMask = 2147483647;
			files = (
			);
			inputPaths = (
			);
			name = "Embed Pods Frameworks";
			outputPaths = (
			);
			runOnlyForDeploymentPostprocessing = 0;
			shellPath = /bin/sh;
			shellScript = "\"${SRCROOT}/Pods/Target Support Files/Pods-ZhihuDaily-SwiftTests/Pods-ZhihuDaily-SwiftTests-frameworks.sh\"\n";
			showEnvVarsInLog = 0;
		};
/* End PBXShellScriptBuildPhase section */

/* Begin PBXSourcesBuildPhase section */
		0429F1FB1C477D9200114053 /* Sources */ = {
			isa = PBXSourcesBuildPhase;
			buildActionMask = 2147483647;
			files = (
				0429F2051C477D9300114053 /* ZHStartViewController.swift in Sources */,
				4FFCDAE41D0010B500F0465E /* JCCGUtilities.swift in Sources */,
				0429F2031C477D9300114053 /* ZHAppDelegate.swift in Sources */,
				0429F2311C477E6700114053 /* ZHConstants.swift in Sources */,
				4F27C1FC1CD8580900C258F2 /* ZHNewsListViewController.swift in Sources */,
				4FFCDAE21D000DF100F0465E /* UIScreenExtensions.swift in Sources */,
				4F2391E21CFD2C2600C682E5 /* ZHNewsDetailViewController.swift in Sources */,
				4FFAAF681D0025C800ECDC83 /* UIImageExtensions.swift in Sources */,
				4FFCDAE81D00171300F0465E /* UIScrollView+APParallaxHeader.m in Sources */,
				4F2391CB1CFB522D00C682E5 /* ZHNewListCell.swift in Sources */,
			);
			runOnlyForDeploymentPostprocessing = 0;
		};
		0429F20F1C477D9400114053 /* Sources */ = {
			isa = PBXSourcesBuildPhase;
			buildActionMask = 2147483647;
			files = (
				0429F2181C477D9400114053 /* ZhihuDaily_SwiftTests.swift in Sources */,
			);
			runOnlyForDeploymentPostprocessing = 0;
		};
		0429F21A1C477D9400114053 /* Sources */ = {
			isa = PBXSourcesBuildPhase;
			buildActionMask = 2147483647;
			files = (
				0429F2231C477D9400114053 /* ZhihuDaily_SwiftUITests.swift in Sources */,
			);
			runOnlyForDeploymentPostprocessing = 0;
		};
/* End PBXSourcesBuildPhase section */

/* Begin PBXTargetDependency section */
		0429F2151C477D9400114053 /* PBXTargetDependency */ = {
			isa = PBXTargetDependency;
			target = 0429F1FE1C477D9200114053 /* ZhihuDaily-Swift */;
			targetProxy = 0429F2141C477D9400114053 /* PBXContainerItemProxy */;
		};
		0429F2201C477D9400114053 /* PBXTargetDependency */ = {
			isa = PBXTargetDependency;
			target = 0429F1FE1C477D9200114053 /* ZhihuDaily-Swift */;
			targetProxy = 0429F21F1C477D9400114053 /* PBXContainerItemProxy */;
		};
/* End PBXTargetDependency section */

/* Begin PBXVariantGroup section */
		0429F20B1C477D9400114053 /* LaunchScreen.storyboard */ = {
			isa = PBXVariantGroup;
			children = (
				0429F20C1C477D9400114053 /* Base */,
			);
			name = LaunchScreen.storyboard;
			sourceTree = "<group>";
		};
/* End PBXVariantGroup section */

/* Begin XCBuildConfiguration section */
		0429F2251C477D9400114053 /* Debug */ = {
			isa = XCBuildConfiguration;
			buildSettings = {
				ALWAYS_SEARCH_USER_PATHS = NO;
				CLANG_CXX_LANGUAGE_STANDARD = "gnu++0x";
				CLANG_CXX_LIBRARY = "libc++";
				CLANG_ENABLE_MODULES = YES;
				CLANG_ENABLE_OBJC_ARC = YES;
				CLANG_WARN_BOOL_CONVERSION = YES;
				CLANG_WARN_CONSTANT_CONVERSION = YES;
				CLANG_WARN_DIRECT_OBJC_ISA_USAGE = YES_ERROR;
				CLANG_WARN_EMPTY_BODY = YES;
				CLANG_WARN_ENUM_CONVERSION = YES;
				CLANG_WARN_INFINITE_RECURSION = YES;
				CLANG_WARN_INT_CONVERSION = YES;
				CLANG_WARN_OBJC_ROOT_CLASS = YES_ERROR;
				CLANG_WARN_SUSPICIOUS_MOVE = YES;
				CLANG_WARN_UNREACHABLE_CODE = YES;
				CLANG_WARN__DUPLICATE_METHOD_MATCH = YES;
				"CODE_SIGN_IDENTITY[sdk=iphoneos*]" = "iPhone Developer";
				COPY_PHASE_STRIP = NO;
				DEBUG_INFORMATION_FORMAT = dwarf;
				ENABLE_STRICT_OBJC_MSGSEND = YES;
				ENABLE_TESTABILITY = YES;
				GCC_C_LANGUAGE_STANDARD = gnu99;
				GCC_DYNAMIC_NO_PIC = NO;
				GCC_NO_COMMON_BLOCKS = YES;
				GCC_OPTIMIZATION_LEVEL = 0;
				GCC_PREPROCESSOR_DEFINITIONS = (
					"DEBUG=1",
					"$(inherited)",
				);
				GCC_WARN_64_TO_32_BIT_CONVERSION = YES;
				GCC_WARN_ABOUT_RETURN_TYPE = YES_ERROR;
				GCC_WARN_UNDECLARED_SELECTOR = YES;
				GCC_WARN_UNINITIALIZED_AUTOS = YES_AGGRESSIVE;
				GCC_WARN_UNUSED_FUNCTION = YES;
				GCC_WARN_UNUSED_VARIABLE = YES;
				IPHONEOS_DEPLOYMENT_TARGET = 9.0;
				MTL_ENABLE_DEBUG_INFO = YES;
				ONLY_ACTIVE_ARCH = YES;
				SDKROOT = iphoneos;
				SWIFT_OPTIMIZATION_LEVEL = "-Onone";
				TARGETED_DEVICE_FAMILY = "1,2";
			};
			name = Debug;
		};
		0429F2261C477D9400114053 /* Release */ = {
			isa = XCBuildConfiguration;
			buildSettings = {
				ALWAYS_SEARCH_USER_PATHS = NO;
				CLANG_CXX_LANGUAGE_STANDARD = "gnu++0x";
				CLANG_CXX_LIBRARY = "libc++";
				CLANG_ENABLE_MODULES = YES;
				CLANG_ENABLE_OBJC_ARC = YES;
				CLANG_WARN_BOOL_CONVERSION = YES;
				CLANG_WARN_CONSTANT_CONVERSION = YES;
				CLANG_WARN_DIRECT_OBJC_ISA_USAGE = YES_ERROR;
				CLANG_WARN_EMPTY_BODY = YES;
				CLANG_WARN_ENUM_CONVERSION = YES;
				CLANG_WARN_INFINITE_RECURSION = YES;
				CLANG_WARN_INT_CONVERSION = YES;
				CLANG_WARN_OBJC_ROOT_CLASS = YES_ERROR;
				CLANG_WARN_SUSPICIOUS_MOVE = YES;
				CLANG_WARN_UNREACHABLE_CODE = YES;
				CLANG_WARN__DUPLICATE_METHOD_MATCH = YES;
				"CODE_SIGN_IDENTITY[sdk=iphoneos*]" = "iPhone Developer";
				COPY_PHASE_STRIP = NO;
				DEBUG_INFORMATION_FORMAT = "dwarf-with-dsym";
				ENABLE_NS_ASSERTIONS = NO;
				ENABLE_STRICT_OBJC_MSGSEND = YES;
				GCC_C_LANGUAGE_STANDARD = gnu99;
				GCC_NO_COMMON_BLOCKS = YES;
				GCC_WARN_64_TO_32_BIT_CONVERSION = YES;
				GCC_WARN_ABOUT_RETURN_TYPE = YES_ERROR;
				GCC_WARN_UNDECLARED_SELECTOR = YES;
				GCC_WARN_UNINITIALIZED_AUTOS = YES_AGGRESSIVE;
				GCC_WARN_UNUSED_FUNCTION = YES;
				GCC_WARN_UNUSED_VARIABLE = YES;
				IPHONEOS_DEPLOYMENT_TARGET = 9.0;
				MTL_ENABLE_DEBUG_INFO = NO;
				SDKROOT = iphoneos;
				SWIFT_OPTIMIZATION_LEVEL = "-Owholemodule";
				TARGETED_DEVICE_FAMILY = "1,2";
				VALIDATE_PRODUCT = YES;
			};
			name = Release;
		};
		0429F2281C477D9400114053 /* Debug */ = {
			isa = XCBuildConfiguration;
			baseConfigurationReference = 09D7C086B03B17F1AAB267A9 /* Pods-ZhihuDaily-Swift.debug.xcconfig */;
			buildSettings = {
				ALWAYS_EMBED_SWIFT_STANDARD_LIBRARIES = YES;
				ASSETCATALOG_COMPILER_APPICON_NAME = AppIcon;
				DEVELOPMENT_TEAM = JLJW949Z96;
				FRAMEWORK_SEARCH_PATHS = "$(inherited)";
				INFOPLIST_FILE = "ZhihuDaily-Swift/Info.plist";
				LD_RUNPATH_SEARCH_PATHS = "$(inherited) @executable_path/Frameworks";
				PRODUCT_BUNDLE_IDENTIFIER = "com.jcdroid.ZhihuDaily-Swift";
				PRODUCT_NAME = "$(TARGET_NAME)";
				SWIFT_OBJC_BRIDGING_HEADER = "ZhihuDaily-Swift/ZhihuDaily-Swift-Bridging-Header.h";
				SWIFT_VERSION = 3.0;
			};
			name = Debug;
		};
		0429F2291C477D9400114053 /* Release */ = {
			isa = XCBuildConfiguration;
			baseConfigurationReference = EF278DAD32DB9584A17797BD /* Pods-ZhihuDaily-Swift.release.xcconfig */;
			buildSettings = {
				ALWAYS_EMBED_SWIFT_STANDARD_LIBRARIES = YES;
				ASSETCATALOG_COMPILER_APPICON_NAME = AppIcon;
				DEVELOPMENT_TEAM = JLJW949Z96;
				FRAMEWORK_SEARCH_PATHS = "$(inherited)";
				INFOPLIST_FILE = "ZhihuDaily-Swift/Info.plist";
				LD_RUNPATH_SEARCH_PATHS = "$(inherited) @executable_path/Frameworks";
				PRODUCT_BUNDLE_IDENTIFIER = "com.jcdroid.ZhihuDaily-Swift";
				PRODUCT_NAME = "$(TARGET_NAME)";
				SWIFT_OBJC_BRIDGING_HEADER = "ZhihuDaily-Swift/ZhihuDaily-Swift-Bridging-Header.h";
				SWIFT_VERSION = 3.0;
			};
			name = Release;
		};
		0429F22B1C477D9400114053 /* Debug */ = {
			isa = XCBuildConfiguration;
			buildSettings = {
				BUNDLE_LOADER = "$(TEST_HOST)";
				INFOPLIST_FILE = "ZhihuDaily-SwiftTests/Info.plist";
				LD_RUNPATH_SEARCH_PATHS = "$(inherited) @executable_path/Frameworks @loader_path/Frameworks";
				PRODUCT_BUNDLE_IDENTIFIER = "com.jcdroid.ZhihuDaily-SwiftTests";
				PRODUCT_NAME = "$(TARGET_NAME)";
				SWIFT_VERSION = 3.0;
				TEST_HOST = "$(BUILT_PRODUCTS_DIR)/ZhihuDaily-Swift.app/ZhihuDaily-Swift";
			};
			name = Debug;
		};
		0429F22C1C477D9400114053 /* Release */ = {
			isa = XCBuildConfiguration;
			buildSettings = {
				BUNDLE_LOADER = "$(TEST_HOST)";
				INFOPLIST_FILE = "ZhihuDaily-SwiftTests/Info.plist";
				LD_RUNPATH_SEARCH_PATHS = "$(inherited) @executable_path/Frameworks @loader_path/Frameworks";
				PRODUCT_BUNDLE_IDENTIFIER = "com.jcdroid.ZhihuDaily-SwiftTests";
				PRODUCT_NAME = "$(TARGET_NAME)";
				SWIFT_VERSION = 3.0;
				TEST_HOST = "$(BUILT_PRODUCTS_DIR)/ZhihuDaily-Swift.app/ZhihuDaily-Swift";
			};
			name = Release;
		};
		0429F22E1C477D9400114053 /* Debug */ = {
			isa = XCBuildConfiguration;
			buildSettings = {
				INFOPLIST_FILE = "ZhihuDaily-SwiftUITests/Info.plist";
				LD_RUNPATH_SEARCH_PATHS = "$(inherited) @executable_path/Frameworks @loader_path/Frameworks";
				PRODUCT_BUNDLE_IDENTIFIER = "com.jcdroid.ZhihuDaily-SwiftUITests";
				PRODUCT_NAME = "$(TARGET_NAME)";
				SWIFT_VERSION = 3.0;
				TEST_TARGET_NAME = "ZhihuDaily-Swift";
				USES_XCTRUNNER = YES;
			};
			name = Debug;
		};
		0429F22F1C477D9400114053 /* Release */ = {
			isa = XCBuildConfiguration;
			buildSettings = {
				INFOPLIST_FILE = "ZhihuDaily-SwiftUITests/Info.plist";
				LD_RUNPATH_SEARCH_PATHS = "$(inherited) @executable_path/Frameworks @loader_path/Frameworks";
				PRODUCT_BUNDLE_IDENTIFIER = "com.jcdroid.ZhihuDaily-SwiftUITests";
				PRODUCT_NAME = "$(TARGET_NAME)";
				SWIFT_VERSION = 3.0;
				TEST_TARGET_NAME = "ZhihuDaily-Swift";
				USES_XCTRUNNER = YES;
			};
			name = Release;
		};
/* End XCBuildConfiguration section */

/* Begin XCConfigurationList section */
		0429F1FA1C477D9200114053 /* Build configuration list for PBXProject "ZhihuDaily-Swift" */ = {
			isa = XCConfigurationList;
			buildConfigurations = (
				0429F2251C477D9400114053 /* Debug */,
				0429F2261C477D9400114053 /* Release */,
			);
			defaultConfigurationIsVisible = 0;
			defaultConfigurationName = Release;
		};
		0429F2271C477D9400114053 /* Build configuration list for PBXNativeTarget "ZhihuDaily-Swift" */ = {
			isa = XCConfigurationList;
			buildConfigurations = (
				0429F2281C477D9400114053 /* Debug */,
				0429F2291C477D9400114053 /* Release */,
			);
			defaultConfigurationIsVisible = 0;
			defaultConfigurationName = Release;
		};
		0429F22A1C477D9400114053 /* Build configuration list for PBXNativeTarget "ZhihuDaily-SwiftTests" */ = {
			isa = XCConfigurationList;
			buildConfigurations = (
				0429F22B1C477D9400114053 /* Debug */,
				0429F22C1C477D9400114053 /* Release */,
			);
			defaultConfigurationIsVisible = 0;
			defaultConfigurationName = Release;
		};
		0429F22D1C477D9400114053 /* Build configuration list for PBXNativeTarget "ZhihuDaily-SwiftUITests" */ = {
			isa = XCConfigurationList;
			buildConfigurations = (
				0429F22E1C477D9400114053 /* Debug */,
				0429F22F1C477D9400114053 /* Release */,
			);
			defaultConfigurationIsVisible = 0;
			defaultConfigurationName = Release;
		};
/* End XCConfigurationList section */
	};
	rootObject = 0429F1F71C477D9200114053 /* Project object */;
}
